{
    "_readme": [
        "This file locks the dependencies of your project to a known state",
        "Read more about it at https://getcomposer.org/doc/01-basic-usage.md#installing-dependencies",
        "This file is @generated automatically"
    ],
    "content-hash": "baaa7088ef7e940c3a0794f4be363207",
    "packages": [
        {
            "name": "senpai/wp-senpai",
            "version": "dev-main",
            "source": {
                "type": "git",
                "url": "git@github.com:Codes-Senpai/WP_SENPAI.git",
                "reference": "0c839b526d03d36826983924bc774410e6622866"
            },
            "dist": {
                "type": "zip",
                "url": "https://api.github.com/repos/Codes-Senpai/WP_SENPAI/zipball/0c839b526d03d36826983924bc774410e6622866",
                "reference": "0c839b526d03d36826983924bc774410e6622866",
                "shasum": ""
            },
            "require": {
                "php": ">=7.0.0"
            },
            "type": "library",
            "autoload": {
                "psr-4": {
                    "WP_SENPAI\\": "app/"
                }
            },
            "authors": [
                {
                    "name": "amine safsafi",
                    "email": "amine.safsafi@senpai.codes"
                }
            ],
            "description": "Utils collection to help speedup development of wordpress themes and plugins.",
            "support": {
                "docs": "https://docs.senpai.codes/wp_senpai/",
                "source": "https://github.com/Codes-Senpai/WP_SENPAI/tree/main",
                "issues": "https://github.com/Codes-Senpai/WP_SENPAI/issues"
            },
            "time": "2023-03-14T00:04:39+00:00"
        }
    ],
    "packages-dev": [],
    "aliases": [],
    "minimum-stability": "stable",
    "stability-flags": {
        "senpai/wp-senpai": 20
    },
    "prefer-stable": false,
    "prefer-lowest": false,
    "platform": [],
    "platform-dev": [],
    "plugin-api-version": "2.3.0"
}
